
Microsoft Visual Studio Solution File, Format Version 12.00
# Visual Studio Version 17
VisualStudioVersion = 17.0.31903.59
MinimumVisualStudioVersion = 10.0.40219.1
Project("{2150E333-8FDC-42A3-9474-1A3956D46DE8}") = "src", "src", "{827E0CD3-B72D-47B6-A68D-7590B98EB39B}"
EndProject
Project("{2150E333-8FDC-42A3-9474-1A3956D46DE8}") = "Modules", "Modules", "{A1234567-B72D-47B6-A68D-7590B98EB39B}"
EndProject
Project("{2150E333-8FDC-42A3-9474-1A3956D46DE8}") = "Users", "Users", "{B2345678-B72D-47B6-A68D-7590B98EB39B}"
EndProject
Project("{FAE04EC0-301F-11D3-BF4B-00C04F79EFBC}") = "User.Domain", "src\Modules\Users\User.Domain\User.Domain.csproj", "{83363065-7C7F-40F0-87C0-8B503AFC05E3}"
EndProject
Project("{FAE04EC0-301F-11D3-BF4B-00C04F79EFBC}") = "User.Application", "src\Modules\Users\User.Application\User.Application.csproj", "{C83E76A0-CF44-48A2-AC3D-F5DBB6161CB0}"
EndProject
Project("{FAE04EC0-301F-11D3-BF4B-00C04F79EFBC}") = "User.Infrastructure", "src\Modules\Users\User.Infrastructure\User.Infrastructure.csproj", "{66CD77A5-1F36-47CC-BC6E-772A65CDEE8B}"
EndProject
Project("{FAE04EC0-301F-11D3-BF4B-00C04F79EFBC}") = "User.Api", "src\Modules\Users\User.Api\User.Api.csproj", "{D3456789-B72D-47B6-A68D-7590B98EB39B}"
EndProject
Global
	GlobalSection(SolutionConfigurationPlatforms) = preSolution
		Debug|Any CPU = Debug|Any CPU
		Release|Any CPU = Release|Any CPU
	EndGlobalSection
	GlobalSection(ProjectConfigurationPlatforms) = postSolution
		{83363065-7C7F-40F0-87C0-8B503AFC05E3}.Debug|Any CPU.ActiveCfg = Debug|Any CPU
		{83363065-7C7F-40F0-87C0-8B503AFC05E3}.Debug|Any CPU.Build.0 = Debug|Any CPU
		{83363065-7C7F-40F0-87C0-8B503AFC05E3}.Release|Any CPU.ActiveCfg = Release|Any CPU
		{83363065-7C7F-40F0-87C0-8B503AFC05E3}.Release|Any CPU.Build.0 = Release|Any CPU
		{C83E76A0-CF44-48A2-AC3D-F5DBB6161CB0}.Debug|Any CPU.ActiveCfg = Debug|Any CPU
		{C83E76A0-CF44-48A2-AC3D-F5DBB6161CB0}.Debug|Any CPU.Build.0 = Debug|Any CPU
		{C83E76A0-CF44-48A2-AC3D-F5DBB6161CB0}.Release|Any CPU.ActiveCfg = Release|Any CPU
		{C83E76A0-CF44-48A2-AC3D-F5DBB6161CB0}.Release|Any CPU.Build.0 = Release|Any CPU
		{66CD77A5-1F36-47CC-BC6E-772A65CDEE8B}.Debug|Any CPU.ActiveCfg = Debug|Any CPU
		{66CD77A5-1F36-47CC-BC6E-772A65CDEE8B}.Debug|Any CPU.Build.0 = Debug|Any CPU
		{66CD77A5-1F36-47CC-BC6E-772A65CDEE8B}.Release|Any CPU.ActiveCfg = Release|Any CPU
		{66CD77A5-1F36-47CC-BC6E-772A65CDEE8B}.Release|Any CPU.Build.0 = Release|Any CPU
		{D3456789-B72D-47B6-A68D-7590B98EB39B}.Debug|Any CPU.ActiveCfg = Debug|Any CPU
		{D3456789-B72D-47B6-A68D-7590B98EB39B}.Debug|Any CPU.Build.0 = Debug|Any CPU
		{D3456789-B72D-47B6-A68D-7590B98EB39B}.Release|Any CPU.ActiveCfg = Release|Any CPU
		{D3456789-B72D-47B6-A68D-7590B98EB39B}.Release|Any CPU.Build.0 = Release|Any CPU
	EndGlobalSection
	GlobalSection(SolutionProperties) = preSolution
		HideSolutionNode = FALSE
	EndGlobalSection
	GlobalSection(NestedProjects) = preSolution
		{A1234567-B72D-47B6-A68D-7590B98EB39B} = {827E0CD3-B72D-47B6-A68D-7590B98EB39B}
		{B2345678-B72D-47B6-A68D-7590B98EB39B} = {A1234567-B72D-47B6-A68D-7590B98EB39B}
		{83363065-7C7F-40F0-87C0-8B503AFC05E3} = {B2345678-B72D-47B6-A68D-7590B98EB39B}
		{C83E76A0-CF44-48A2-AC3D-F5DBB6161CB0} = {B2345678-B72D-47B6-A68D-7590B98EB39B}
		{66CD77A5-1F36-47CC-BC6E-772A65CDEE8B} = {B2345678-B72D-47B6-A68D-7590B98EB39B}
		{D3456789-B72D-47B6-A68D-7590B98EB39B} = {B2345678-B72D-47B6-A68D-7590B98EB39B}
	EndGlobalSection
EndGlobal
